
Microsoft Visual Studio Solution File, Format Version 12.00
# Visual Studio Version 17
VisualStudioVersion = 17.7.34031.279
MinimumVisualStudioVersion = 10.0.40219.1
Project("{9A19103F-16F7-4668-BE54-9A1E7A4F7556}") = "ConsoleApp", "ConsoleApp.csproj", "{96AE7547-DE21-4D51-BE9D-9D1DC506877B}"
EndProject
Global
	GlobalSection(SolutionConfigurationPlatforms) = preSolution
		Debug|Any CPU = Debug|Any CPU
		Release|Any CPU = Release|Any CPU
	EndGlobalSection
	GlobalSection(ProjectConfigurationPlatforms) = postSolution
		{96AE7547-DE21-4D51-BE9D-9D1DC506877B}.Debug|Any CPU.ActiveCfg = Debug|Any CPU
		{96AE7547-DE21-4D51-BE9D-9D1DC506877B}.Debug|Any CPU.Build.0 = Debug|Any CPU
		{96AE7547-DE21-4D51-BE9D-9D1DC506877B}.Release|Any CPU.ActiveCfg = Release|Any CPU
		{96AE7547-DE21-4D51-BE9D-9D1DC506877B}.Release|Any CPU.Build.0 = Release|Any CPU
	EndGlobalSection
	GlobalSection(SolutionProperties) = preSolution
		HideSolutionNode = FALSE
	EndGlobalSection
	GlobalSection(ExtensibilityGlobals) = postSolution
		SolutionGuid = {87D12929-72E4-42B8-9B69-D8ADDC77E0F6}
	EndGlobalSection
EndGlobal
